
Microsoft Visual Studio Solution File, Format Version 12.00
# Visual Studio 15
VisualStudioVersion = 15.0.28307.168
MinimumVisualStudioVersion = 10.0.40219.1
Project("{8BC9CEB8-8B4A-11D0-8D11-00A0C91BC942}") = "engine", "engine\engine.vcxproj", "{E3D68B60-55BA-4393-8411-F9ECF7377B00}"
	ProjectSection(ProjectDependencies) = postProject
		{A434E80C-1049-10BE-D9CA-B31D459E0CEF} = {A434E80C-1049-10BE-D9CA-B31D459E0CEF}
		{2BCDE796-0475-3381-A130-ED7CB3D4404D} = {2BCDE796-0475-3381-A130-ED7CB3D4404D}
	EndProjectSection
EndProject
Project("{8BC9CEB8-8B4A-11D0-8D11-00A0C91BC942}") = "Box2D", "Box2D\Box2D.vcxproj", "{A434E80C-1049-10BE-D9CA-B31D459E0CEF}"
EndProject
Project("{FAE04EC0-301F-11D3-BF4B-00C04F79EFBC}") = "Editor", "Editor\Editor.csproj", "{BE930CBB-1F9D-4E08-8D4A-8B0E022EEDDB}"
EndProject
Project("{2150E333-8FDC-42A3-9474-1A3956D46DE8}") = "raylib", "raylib", "{CAAB3781-16D2-4FCD-8912-8B884F562091}"
EndProject
Project("{8BC9CEB8-8B4A-11D0-8D11-00A0C91BC942}") = "raylib_static", "raylib\raylib_static.vcxproj", "{2BCDE796-0475-3381-A130-ED7CB3D4404D}"
EndProject
Project("{8BC9CEB8-8B4A-11D0-8D11-00A0C91BC942}") = "glfw", "raylib\glfw.vcxproj", "{6B4A9D62-40A4-3844-AD96-093311AAC31E}"
EndProject
Project("{8BC9CEB8-8B4A-11D0-8D11-00A0C91BC942}") = "glfw_objlib", "raylib\glfw_objlib.vcxproj", "{A003EC77-368C-3E50-9B54-33DF7B3AC4C5}"
EndProject
Global
	GlobalSection(SolutionConfigurationPlatforms) = preSolution
		Debug|Any CPU = Debug|Any CPU
		Debug|x64 = Debug|x64
		Debug|x86 = Debug|x86
		MinSizeRel|Any CPU = MinSizeRel|Any CPU
		MinSizeRel|x64 = MinSizeRel|x64
		MinSizeRel|x86 = MinSizeRel|x86
		Release|Any CPU = Release|Any CPU
		Release|x64 = Release|x64
		Release|x86 = Release|x86
		RelWithDebInfo|Any CPU = RelWithDebInfo|Any CPU
		RelWithDebInfo|x64 = RelWithDebInfo|x64
		RelWithDebInfo|x86 = RelWithDebInfo|x86
	EndGlobalSection
	GlobalSection(ProjectConfigurationPlatforms) = postSolution
		{E3D68B60-55BA-4393-8411-F9ECF7377B00}.Debug|Any CPU.ActiveCfg = Debug|Win32
		{E3D68B60-55BA-4393-8411-F9ECF7377B00}.Debug|x64.ActiveCfg = Debug|x64
		{E3D68B60-55BA-4393-8411-F9ECF7377B00}.Debug|x64.Build.0 = Debug|x64
		{E3D68B60-55BA-4393-8411-F9ECF7377B00}.Debug|x86.ActiveCfg = Debug|Win32
		{E3D68B60-55BA-4393-8411-F9ECF7377B00}.Debug|x86.Build.0 = Debug|Win32
		{E3D68B60-55BA-4393-8411-F9ECF7377B00}.MinSizeRel|Any CPU.ActiveCfg = Release|x64
		{E3D68B60-55BA-4393-8411-F9ECF7377B00}.MinSizeRel|Any CPU.Build.0 = Release|x64
		{E3D68B60-55BA-4393-8411-F9ECF7377B00}.MinSizeRel|x64.ActiveCfg = Release|x64
		{E3D68B60-55BA-4393-8411-F9ECF7377B00}.MinSizeRel|x64.Build.0 = Release|x64
		{E3D68B60-55BA-4393-8411-F9ECF7377B00}.MinSizeRel|x86.ActiveCfg = Release|Win32
		{E3D68B60-55BA-4393-8411-F9ECF7377B00}.MinSizeRel|x86.Build.0 = Release|Win32
		{E3D68B60-55BA-4393-8411-F9ECF7377B00}.Release|Any CPU.ActiveCfg = Release|Win32
		{E3D68B60-55BA-4393-8411-F9ECF7377B00}.Release|x64.ActiveCfg = Release|x64
		{E3D68B60-55BA-4393-8411-F9ECF7377B00}.Release|x64.Build.0 = Release|x64
		{E3D68B60-55BA-4393-8411-F9ECF7377B00}.Release|x86.ActiveCfg = Release|Win32
		{E3D68B60-55BA-4393-8411-F9ECF7377B00}.Release|x86.Build.0 = Release|Win32
		{E3D68B60-55BA-4393-8411-F9ECF7377B00}.RelWithDebInfo|Any CPU.ActiveCfg = Release|x64
		{E3D68B60-55BA-4393-8411-F9ECF7377B00}.RelWithDebInfo|Any CPU.Build.0 = Release|x64
		{E3D68B60-55BA-4393-8411-F9ECF7377B00}.RelWithDebInfo|x64.ActiveCfg = Release|x64
		{E3D68B60-55BA-4393-8411-F9ECF7377B00}.RelWithDebInfo|x64.Build.0 = Release|x64
		{E3D68B60-55BA-4393-8411-F9ECF7377B00}.RelWithDebInfo|x86.ActiveCfg = Release|Win32
		{E3D68B60-55BA-4393-8411-F9ECF7377B00}.RelWithDebInfo|x86.Build.0 = Release|Win32
		{A434E80C-1049-10BE-D9CA-B31D459E0CEF}.Debug|Any CPU.ActiveCfg = Debug|Win32
		{A434E80C-1049-10BE-D9CA-B31D459E0CEF}.Debug|x64.ActiveCfg = Debug|x64
		{A434E80C-1049-10BE-D9CA-B31D459E0CEF}.Debug|x64.Build.0 = Debug|x64
		{A434E80C-1049-10BE-D9CA-B31D459E0CEF}.Debug|x86.ActiveCfg = Debug|Win32
		{A434E80C-1049-10BE-D9CA-B31D459E0CEF}.Debug|x86.Build.0 = Debug|Win32
		{A434E80C-1049-10BE-D9CA-B31D459E0CEF}.MinSizeRel|Any CPU.ActiveCfg = Release|x64
		{A434E80C-1049-10BE-D9CA-B31D459E0CEF}.MinSizeRel|Any CPU.Build.0 = Release|x64
		{A434E80C-1049-10BE-D9CA-B31D459E0CEF}.MinSizeRel|x64.ActiveCfg = Release|x64
		{A434E80C-1049-10BE-D9CA-B31D459E0CEF}.MinSizeRel|x64.Build.0 = Release|x64
		{A434E80C-1049-10BE-D9CA-B31D459E0CEF}.MinSizeRel|x86.ActiveCfg = Release|Win32
		{A434E80C-1049-10BE-D9CA-B31D459E0CEF}.MinSizeRel|x86.Build.0 = Release|Win32
		{A434E80C-1049-10BE-D9CA-B31D459E0CEF}.Release|Any CPU.ActiveCfg = Release|Win32
		{A434E80C-1049-10BE-D9CA-B31D459E0CEF}.Release|x64.ActiveCfg = Release|x64
		{A434E80C-1049-10BE-D9CA-B31D459E0CEF}.Release|x64.Build.0 = Release|x64
		{A434E80C-1049-10BE-D9CA-B31D459E0CEF}.Release|x86.ActiveCfg = Release|Win32
		{A434E80C-1049-10BE-D9CA-B31D459E0CEF}.Release|x86.Build.0 = Release|Win32
		{A434E80C-1049-10BE-D9CA-B31D459E0CEF}.RelWithDebInfo|Any CPU.ActiveCfg = Release|x64
		{A434E80C-1049-10BE-D9CA-B31D459E0CEF}.RelWithDebInfo|Any CPU.Build.0 = Release|x64
		{A434E80C-1049-10BE-D9CA-B31D459E0CEF}.RelWithDebInfo|x64.ActiveCfg = Release|x64
		{A434E80C-1049-10BE-D9CA-B31D459E0CEF}.RelWithDebInfo|x64.Build.0 = Release|x64
		{A434E80C-1049-10BE-D9CA-B31D459E0CEF}.RelWithDebInfo|x86.ActiveCfg = Release|Win32
		{A434E80C-1049-10BE-D9CA-B31D459E0CEF}.RelWithDebInfo|x86.Build.0 = Release|Win32
		{BE930CBB-1F9D-4E08-8D4A-8B0E022EEDDB}.Debug|Any CPU.ActiveCfg = Debug|Any CPU
		{BE930CBB-1F9D-4E08-8D4A-8B0E022EEDDB}.Debug|Any CPU.Build.0 = Debug|Any CPU
		{BE930CBB-1F9D-4E08-8D4A-8B0E022EEDDB}.Debug|x64.ActiveCfg = Debug|Any CPU
		{BE930CBB-1F9D-4E08-8D4A-8B0E022EEDDB}.Debug|x64.Build.0 = Debug|Any CPU
		{BE930CBB-1F9D-4E08-8D4A-8B0E022EEDDB}.Debug|x86.ActiveCfg = Debug|Any CPU
		{BE930CBB-1F9D-4E08-8D4A-8B0E022EEDDB}.Debug|x86.Build.0 = Debug|Any CPU
		{BE930CBB-1F9D-4E08-8D4A-8B0E022EEDDB}.MinSizeRel|Any CPU.ActiveCfg = Release|Any CPU
		{BE930CBB-1F9D-4E08-8D4A-8B0E022EEDDB}.MinSizeRel|Any CPU.Build.0 = Release|Any CPU
		{BE930CBB-1F9D-4E08-8D4A-8B0E022EEDDB}.MinSizeRel|x64.ActiveCfg = Release|Any CPU
		{BE930CBB-1F9D-4E08-8D4A-8B0E022EEDDB}.MinSizeRel|x64.Build.0 = Release|Any CPU
		{BE930CBB-1F9D-4E08-8D4A-8B0E022EEDDB}.MinSizeRel|x86.ActiveCfg = Release|Any CPU
		{BE930CBB-1F9D-4E08-8D4A-8B0E022EEDDB}.MinSizeRel|x86.Build.0 = Release|Any CPU
		{BE930CBB-1F9D-4E08-8D4A-8B0E022EEDDB}.Release|Any CPU.ActiveCfg = Release|Any CPU
		{BE930CBB-1F9D-4E08-8D4A-8B0E022EEDDB}.Release|Any CPU.Build.0 = Release|Any CPU
		{BE930CBB-1F9D-4E08-8D4A-8B0E022EEDDB}.Release|x64.ActiveCfg = Release|Any CPU
		{BE930CBB-1F9D-4E08-8D4A-8B0E022EEDDB}.Release|x64.Build.0 = Release|Any CPU
		{BE930CBB-1F9D-4E08-8D4A-8B0E022EEDDB}.Release|x86.ActiveCfg = Release|Any CPU
		{BE930CBB-1F9D-4E08-8D4A-8B0E022EEDDB}.Release|x86.Build.0 = Release|Any CPU
		{BE930CBB-1F9D-4E08-8D4A-8B0E022EEDDB}.RelWithDebInfo|Any CPU.ActiveCfg = Release|Any CPU
		{BE930CBB-1F9D-4E08-8D4A-8B0E022EEDDB}.RelWithDebInfo|Any CPU.Build.0 = Release|Any CPU
		{BE930CBB-1F9D-4E08-8D4A-8B0E022EEDDB}.RelWithDebInfo|x64.ActiveCfg = Release|Any CPU
		{BE930CBB-1F9D-4E08-8D4A-8B0E022EEDDB}.RelWithDebInfo|x64.Build.0 = Release|Any CPU
		{BE930CBB-1F9D-4E08-8D4A-8B0E022EEDDB}.RelWithDebInfo|x86.ActiveCfg = Release|Any CPU
		{BE930CBB-1F9D-4E08-8D4A-8B0E022EEDDB}.RelWithDebInfo|x86.Build.0 = Release|Any CPU
		{2BCDE796-0475-3381-A130-ED7CB3D4404D}.Debug|Any CPU.ActiveCfg = Debug|Win32
		{2BCDE796-0475-3381-A130-ED7CB3D4404D}.Debug|x64.ActiveCfg = Debug|Win32
		{2BCDE796-0475-3381-A130-ED7CB3D4404D}.Debug|x86.ActiveCfg = Debug|Win32
		{2BCDE796-0475-3381-A130-ED7CB3D4404D}.Debug|x86.Build.0 = Debug|Win32
		{2BCDE796-0475-3381-A130-ED7CB3D4404D}.MinSizeRel|Any CPU.ActiveCfg = MinSizeRel|Win32
		{2BCDE796-0475-3381-A130-ED7CB3D4404D}.MinSizeRel|x64.ActiveCfg = MinSizeRel|Win32
		{2BCDE796-0475-3381-A130-ED7CB3D4404D}.MinSizeRel|x86.ActiveCfg = MinSizeRel|Win32
		{2BCDE796-0475-3381-A130-ED7CB3D4404D}.MinSizeRel|x86.Build.0 = MinSizeRel|Win32
		{2BCDE796-0475-3381-A130-ED7CB3D4404D}.Release|Any CPU.ActiveCfg = Release|Win32
		{2BCDE796-0475-3381-A130-ED7CB3D4404D}.Release|x64.ActiveCfg = Release|Win32
		{2BCDE796-0475-3381-A130-ED7CB3D4404D}.Release|x86.ActiveCfg = Release|Win32
		{2BCDE796-0475-3381-A130-ED7CB3D4404D}.Release|x86.Build.0 = Release|Win32
		{2BCDE796-0475-3381-A130-ED7CB3D4404D}.RelWithDebInfo|Any CPU.ActiveCfg = RelWithDebInfo|Win32
		{2BCDE796-0475-3381-A130-ED7CB3D4404D}.RelWithDebInfo|x64.ActiveCfg = RelWithDebInfo|Win32
		{2BCDE796-0475-3381-A130-ED7CB3D4404D}.RelWithDebInfo|x86.ActiveCfg = RelWithDebInfo|Win32
		{2BCDE796-0475-3381-A130-ED7CB3D4404D}.RelWithDebInfo|x86.Build.0 = RelWithDebInfo|Win32
		{6B4A9D62-40A4-3844-AD96-093311AAC31E}.Debug|Any CPU.ActiveCfg = Debug|Win32
		{6B4A9D62-40A4-3844-AD96-093311AAC31E}.Debug|x64.ActiveCfg = Debug|Win32
		{6B4A9D62-40A4-3844-AD96-093311AAC31E}.Debug|x86.ActiveCfg = Debug|Win32
		{6B4A9D62-40A4-3844-AD96-093311AAC31E}.Debug|x86.Build.0 = Debug|Win32
		{6B4A9D62-40A4-3844-AD96-093311AAC31E}.MinSizeRel|Any CPU.ActiveCfg = MinSizeRel|Win32
		{6B4A9D62-40A4-3844-AD96-093311AAC31E}.MinSizeRel|x64.ActiveCfg = MinSizeRel|Win32
		{6B4A9D62-40A4-3844-AD96-093311AAC31E}.MinSizeRel|x86.ActiveCfg = MinSizeRel|Win32
		{6B4A9D62-40A4-3844-AD96-093311AAC31E}.MinSizeRel|x86.Build.0 = MinSizeRel|Win32
		{6B4A9D62-40A4-3844-AD96-093311AAC31E}.Release|Any CPU.ActiveCfg = Release|Win32
		{6B4A9D62-40A4-3844-AD96-093311AAC31E}.Release|x64.ActiveCfg = Release|Win32
		{6B4A9D62-40A4-3844-AD96-093311AAC31E}.Release|x86.ActiveCfg = Release|Win32
		{6B4A9D62-40A4-3844-AD96-093311AAC31E}.Release|x86.Build.0 = Release|Win32
		{6B4A9D62-40A4-3844-AD96-093311AAC31E}.RelWithDebInfo|Any CPU.ActiveCfg = RelWithDebInfo|Win32
		{6B4A9D62-40A4-3844-AD96-093311AAC31E}.RelWithDebInfo|x64.ActiveCfg = RelWithDebInfo|Win32
		{6B4A9D62-40A4-3844-AD96-093311AAC31E}.RelWithDebInfo|x86.ActiveCfg = RelWithDebInfo|Win32
		{6B4A9D62-40A4-3844-AD96-093311AAC31E}.RelWithDebInfo|x86.Build.0 = RelWithDebInfo|Win32
		{A003EC77-368C-3E50-9B54-33DF7B3AC4C5}.Debug|Any CPU.ActiveCfg = Debug|Win32
		{A003EC77-368C-3E50-9B54-33DF7B3AC4C5}.Debug|x64.ActiveCfg = Debug|Win32
		{A003EC77-368C-3E50-9B54-33DF7B3AC4C5}.Debug|x86.ActiveCfg = Debug|Win32
		{A003EC77-368C-3E50-9B54-33DF7B3AC4C5}.Debug|x86.Build.0 = Debug|Win32
		{A003EC77-368C-3E50-9B54-33DF7B3AC4C5}.MinSizeRel|Any CPU.ActiveCfg = MinSizeRel|Win32
		{A003EC77-368C-3E50-9B54-33DF7B3AC4C5}.MinSizeRel|x64.ActiveCfg = MinSizeRel|Win32
		{A003EC77-368C-3E50-9B54-33DF7B3AC4C5}.MinSizeRel|x86.ActiveCfg = MinSizeRel|Win32
		{A003EC77-368C-3E50-9B54-33DF7B3AC4C5}.MinSizeRel|x86.Build.0 = MinSizeRel|Win32
		{A003EC77-368C-3E50-9B54-33DF7B3AC4C5}.Release|Any CPU.ActiveCfg = Release|Win32
		{A003EC77-368C-3E50-9B54-33DF7B3AC4C5}.Release|x64.ActiveCfg = Release|Win32
		{A003EC77-368C-3E50-9B54-33DF7B3AC4C5}.Release|x86.ActiveCfg = Release|Win32
		{A003EC77-368C-3E50-9B54-33DF7B3AC4C5}.Release|x86.Build.0 = Release|Win32
		{A003EC77-368C-3E50-9B54-33DF7B3AC4C5}.RelWithDebInfo|Any CPU.ActiveCfg = RelWithDebInfo|Win32
		{A003EC77-368C-3E50-9B54-33DF7B3AC4C5}.RelWithDebInfo|x64.ActiveCfg = RelWithDebInfo|Win32
		{A003EC77-368C-3E50-9B54-33DF7B3AC4C5}.RelWithDebInfo|x86.ActiveCfg = RelWithDebInfo|Win32
		{A003EC77-368C-3E50-9B54-33DF7B3AC4C5}.RelWithDebInfo|x86.Build.0 = RelWithDebInfo|Win32
	EndGlobalSection
	GlobalSection(SolutionProperties) = preSolution
		HideSolutionNode = FALSE
	EndGlobalSection
	GlobalSection(NestedProjects) = preSolution
		{2BCDE796-0475-3381-A130-ED7CB3D4404D} = {CAAB3781-16D2-4FCD-8912-8B884F562091}
		{6B4A9D62-40A4-3844-AD96-093311AAC31E} = {CAAB3781-16D2-4FCD-8912-8B884F562091}
		{A003EC77-368C-3E50-9B54-33DF7B3AC4C5} = {CAAB3781-16D2-4FCD-8912-8B884F562091}
	EndGlobalSection
	GlobalSection(ExtensibilityGlobals) = postSolution
		SolutionGuid = {3EE6283B-8D1C-49DB-805A-A61E2D66A037}
	EndGlobalSection
EndGlobal
