
Microsoft Visual Studio Solution File, Format Version 12.00
# Visual Studio 15
VisualStudioVersion = 15.0.28307.168
MinimumVisualStudioVersion = 10.0.40219.1
Project("{8BC9CEB8-8B4A-11D0-8D11-00A0C91BC942}") = "engine", "engine\engine.vcxproj", "{E3D68B60-55BA-4393-8411-F9ECF7377B00}"
	ProjectSection(ProjectDependencies) = postProject
		{A434E80C-1049-10BE-D9CA-B31D459E0CEF} = {A434E80C-1049-10BE-D9CA-B31D459E0CEF}
	EndProjectSection
EndProject
Project("{8BC9CEB8-8B4A-11D0-8D11-00A0C91BC942}") = "Box2D", "Box2D\Box2D.vcxproj", "{A434E80C-1049-10BE-D9CA-B31D459E0CEF}"
EndProject
Project("{FAE04EC0-301F-11D3-BF4B-00C04F79EFBC}") = "Editor", "Editor\Editor.csproj", "{BE930CBB-1F9D-4E08-8D4A-8B0E022EEDDB}"
EndProject
Project("{2150E333-8FDC-42A3-9474-1A3956D46DE8}") = "raylib", "raylib", "{CAAB3781-16D2-4FCD-8912-8B884F562091}"
EndProject
Global
	GlobalSection(SolutionConfigurationPlatforms) = preSolution
		Debug|Any CPU = Debug|Any CPU
		Debug|x64 = Debug|x64
		Debug|x86 = Debug|x86
		Release|Any CPU = Release|Any CPU
		Release|x64 = Release|x64
		Release|x86 = Release|x86
	EndGlobalSection
	GlobalSection(ProjectConfigurationPlatforms) = postSolution
		{E3D68B60-55BA-4393-8411-F9ECF7377B00}.Debug|Any CPU.ActiveCfg = Debug|Win32
		{E3D68B60-55BA-4393-8411-F9ECF7377B00}.Debug|x64.ActiveCfg = Debug|x64
		{E3D68B60-55BA-4393-8411-F9ECF7377B00}.Debug|x64.Build.0 = Debug|x64
		{E3D68B60-55BA-4393-8411-F9ECF7377B00}.Debug|x86.ActiveCfg = Debug|Win32
		{E3D68B60-55BA-4393-8411-F9ECF7377B00}.Debug|x86.Build.0 = Debug|Win32
		{E3D68B60-55BA-4393-8411-F9ECF7377B00}.Release|Any CPU.ActiveCfg = Release|Win32
		{E3D68B60-55BA-4393-8411-F9ECF7377B00}.Release|x64.ActiveCfg = Release|x64
		{E3D68B60-55BA-4393-8411-F9ECF7377B00}.Release|x64.Build.0 = Release|x64
		{E3D68B60-55BA-4393-8411-F9ECF7377B00}.Release|x86.ActiveCfg = Release|Win32
		{E3D68B60-55BA-4393-8411-F9ECF7377B00}.Release|x86.Build.0 = Release|Win32
		{A434E80C-1049-10BE-D9CA-B31D459E0CEF}.Debug|Any CPU.ActiveCfg = Debug|Win32
		{A434E80C-1049-10BE-D9CA-B31D459E0CEF}.Debug|x64.ActiveCfg = Debug|x64
		{A434E80C-1049-10BE-D9CA-B31D459E0CEF}.Debug|x64.Build.0 = Debug|x64
		{A434E80C-1049-10BE-D9CA-B31D459E0CEF}.Debug|x86.ActiveCfg = Debug|Win32
		{A434E80C-1049-10BE-D9CA-B31D459E0CEF}.Debug|x86.Build.0 = Debug|Win32
		{A434E80C-1049-10BE-D9CA-B31D459E0CEF}.Release|Any CPU.ActiveCfg = Release|Win32
		{A434E80C-1049-10BE-D9CA-B31D459E0CEF}.Release|x64.ActiveCfg = Release|x64
		{A434E80C-1049-10BE-D9CA-B31D459E0CEF}.Release|x64.Build.0 = Release|x64
		{A434E80C-1049-10BE-D9CA-B31D459E0CEF}.Release|x86.ActiveCfg = Release|Win32
		{A434E80C-1049-10BE-D9CA-B31D459E0CEF}.Release|x86.Build.0 = Release|Win32
		{BE930CBB-1F9D-4E08-8D4A-8B0E022EEDDB}.Debug|Any CPU.ActiveCfg = Debug|Any CPU
		{BE930CBB-1F9D-4E08-8D4A-8B0E022EEDDB}.Debug|Any CPU.Build.0 = Debug|Any CPU
		{BE930CBB-1F9D-4E08-8D4A-8B0E022EEDDB}.Debug|x64.ActiveCfg = Debug|Any CPU
		{BE930CBB-1F9D-4E08-8D4A-8B0E022EEDDB}.Debug|x64.Build.0 = Debug|Any CPU
		{BE930CBB-1F9D-4E08-8D4A-8B0E022EEDDB}.Debug|x86.ActiveCfg = Debug|Any CPU
		{BE930CBB-1F9D-4E08-8D4A-8B0E022EEDDB}.Debug|x86.Build.0 = Debug|Any CPU
		{BE930CBB-1F9D-4E08-8D4A-8B0E022EEDDB}.Release|Any CPU.ActiveCfg = Release|Any CPU
		{BE930CBB-1F9D-4E08-8D4A-8B0E022EEDDB}.Release|Any CPU.Build.0 = Release|Any CPU
		{BE930CBB-1F9D-4E08-8D4A-8B0E022EEDDB}.Release|x64.ActiveCfg = Release|Any CPU
		{BE930CBB-1F9D-4E08-8D4A-8B0E022EEDDB}.Release|x64.Build.0 = Release|Any CPU
		{BE930CBB-1F9D-4E08-8D4A-8B0E022EEDDB}.Release|x86.ActiveCfg = Release|Any CPU
		{BE930CBB-1F9D-4E08-8D4A-8B0E022EEDDB}.Release|x86.Build.0 = Release|Any CPU
	EndGlobalSection
	GlobalSection(SolutionProperties) = preSolution
		HideSolutionNode = FALSE
	EndGlobalSection
	GlobalSection(ExtensibilityGlobals) = postSolution
		SolutionGuid = {3EE6283B-8D1C-49DB-805A-A61E2D66A037}
	EndGlobalSection
EndGlobal
