<?xml version="1.0" encoding="utf-8"?>
<Project ToolsVersion="15.0" xmlns="http://schemas.microsoft.com/developer/msbuild/2003">
  <ItemGroup>
    <ClCompile Include="C:\dev\raylib\src\core.c">
      <Filter>Source Files</Filter>
    </ClCompile>
    <ClCompile Include="C:\dev\raylib\src\models.c">
      <Filter>Source Files</Filter>
    </ClCompile>
    <ClCompile Include="C:\dev\raylib\src\raudio.c">
      <Filter>Source Files</Filter>
    </ClCompile>
    <ClCompile Include="C:\dev\raylib\src\shapes.c">
      <Filter>Source Files</Filter>
    </ClCompile>
    <ClCompile Include="C:\dev\raylib\src\text.c">
      <Filter>Source Files</Filter>
    </ClCompile>
    <ClCompile Include="C:\dev\raylib\src\textures.c">
      <Filter>Source Files</Filter>
    </ClCompile>
    <ClCompile Include="C:\dev\raylib\src\utils.c">
      <Filter>Source Files</Filter>
    </ClCompile>
  </ItemGroup>
  <ItemGroup>
    <CustomBuild Include="C:\dev\raylib\src\CMakeLists.txt" />
  </ItemGroup>
  <ItemGroup>
    <Object Include="glfw_objlib.dir\Debug\context.obj">
      <Filter>Object Libraries</Filter>
    </Object>
    <Object Include="glfw_objlib.dir\Debug\egl_context.obj">
      <Filter>Object Libraries</Filter>
    </Object>
    <Object Include="glfw_objlib.dir\Debug\init.obj">
      <Filter>Object Libraries</Filter>
    </Object>
    <Object Include="glfw_objlib.dir\Debug\input.obj">
      <Filter>Object Libraries</Filter>
    </Object>
    <Object Include="glfw_objlib.dir\Debug\monitor.obj">
      <Filter>Object Libraries</Filter>
    </Object>
    <Object Include="glfw_objlib.dir\Debug\osmesa_context.obj">
      <Filter>Object Libraries</Filter>
    </Object>
    <Object Include="glfw_objlib.dir\Debug\vulkan.obj">
      <Filter>Object Libraries</Filter>
    </Object>
    <Object Include="glfw_objlib.dir\Debug\wgl_context.obj">
      <Filter>Object Libraries</Filter>
    </Object>
    <Object Include="glfw_objlib.dir\Debug\win32_init.obj">
      <Filter>Object Libraries</Filter>
    </Object>
    <Object Include="glfw_objlib.dir\Debug\win32_joystick.obj">
      <Filter>Object Libraries</Filter>
    </Object>
    <Object Include="glfw_objlib.dir\Debug\win32_monitor.obj">
      <Filter>Object Libraries</Filter>
    </Object>
    <Object Include="glfw_objlib.dir\Debug\win32_thread.obj">
      <Filter>Object Libraries</Filter>
    </Object>
    <Object Include="glfw_objlib.dir\Debug\win32_time.obj">
      <Filter>Object Libraries</Filter>
    </Object>
    <Object Include="glfw_objlib.dir\Debug\win32_window.obj">
      <Filter>Object Libraries</Filter>
    </Object>
    <Object Include="glfw_objlib.dir\Debug\window.obj">
      <Filter>Object Libraries</Filter>
    </Object>
  </ItemGroup>
  <ItemGroup>
    <Filter Include="Object Libraries">
      <UniqueIdentifier>{1566F5CE-4620-38F1-91EB-EFA41F45869F}</UniqueIdentifier>
    </Filter>
    <Filter Include="Source Files">
      <UniqueIdentifier>{0C31B9DE-2283-33CC-917C-6019DFD796E1}</UniqueIdentifier>
    </Filter>
  </ItemGroup>
</Project>